
Microsoft Visual Studio Solution File, Format Version 12.00
# Visual Studio 14
VisualStudioVersion = 14.0.24720.0
MinimumVisualStudioVersion = 10.0.40219.1
Project("{FAE04EC0-301F-11D3-BF4B-00C04F79EFBC}") = "PDInventory", "PDInventory\PDInventory.csproj", "{AF880E0E-C74D-41C6-8EA0-61196CF45E52}"
EndProject
Global
	GlobalSection(SolutionConfigurationPlatforms) = preSolution
		Debug|Any CPU = Debug|Any CPU
		Release|Any CPU = Release|Any CPU
	EndGlobalSection
	GlobalSection(ProjectConfigurationPlatforms) = postSolution
		{AF880E0E-C74D-41C6-8EA0-61196CF45E52}.Debug|Any CPU.ActiveCfg = Debug|Any CPU
		{AF880E0E-C74D-41C6-8EA0-61196CF45E52}.Debug|Any CPU.Build.0 = Debug|Any CPU
		{AF880E0E-C74D-41C6-8EA0-61196CF45E52}.Release|Any CPU.ActiveCfg = Release|Any CPU
		{AF880E0E-C74D-41C6-8EA0-61196CF45E52}.Release|Any CPU.Build.0 = Release|Any CPU
	EndGlobalSection
	GlobalSection(SolutionProperties) = preSolution
		HideSolutionNode = FALSE
	EndGlobalSection
EndGlobal
